
Microsoft Visual Studio Solution File, Format Version 12.00
# Visual Studio Version 16
VisualStudioVersion = 16.0.30320.27
MinimumVisualStudioVersion = 10.0.40219.1
Project("{FAE04EC0-301F-11D3-BF4B-00C04F79EFBC}") = "Treehuggers", "Treehuggers\Treehuggers.csproj", "{C69A7461-D390-4343-8D91-85260B5C81F4}"
EndProject
Global
	GlobalSection(SolutionConfigurationPlatforms) = preSolution
		Debug|Any CPU = Debug|Any CPU
		Release|Any CPU = Release|Any CPU
	EndGlobalSection
	GlobalSection(ProjectConfigurationPlatforms) = postSolution
		{C69A7461-D390-4343-8D91-85260B5C81F4}.Debug|Any CPU.ActiveCfg = Debug|Any CPU
		{C69A7461-D390-4343-8D91-85260B5C81F4}.Debug|Any CPU.Build.0 = Debug|Any CPU
		{C69A7461-D390-4343-8D91-85260B5C81F4}.Release|Any CPU.ActiveCfg = Release|Any CPU
		{C69A7461-D390-4343-8D91-85260B5C81F4}.Release|Any CPU.Build.0 = Release|Any CPU
	EndGlobalSection
	GlobalSection(SolutionProperties) = preSolution
		HideSolutionNode = FALSE
	EndGlobalSection
	GlobalSection(ExtensibilityGlobals) = postSolution
		SolutionGuid = {715DBCA2-174E-48DB-A44E-B63C011BAB37}
	EndGlobalSection
EndGlobal
